
Microsoft Visual Studio Solution File, Format Version 12.00
# Visual Studio 2013
VisualStudioVersion = 12.0.31101.0
MinimumVisualStudioVersion = 10.0.40219.1
Project("{FAE04EC0-301F-11D3-BF4B-00C04F79EFBC}") = "MessageBomber", "MessageBomber\MessageBomber.csproj", "{95986322-D9B5-4ACF-8F9C-DA00E2C063E7}"
EndProject
Project("{FAE04EC0-301F-11D3-BF4B-00C04F79EFBC}") = "TracySecretTool.EF", "TracySecretTool.EF\TracySecretTool.EF.csproj", "{AEAC5920-7A7A-4175-8C9E-0CA94DF8A82D}"
EndProject
Project("{FAE04EC0-301F-11D3-BF4B-00C04F79EFBC}") = "TracySecretTool.Server", "TracySecretTool.Server\TracySecretTool.Server.csproj", "{5EB1F57B-F1EF-4B20-9D44-9BE86C344F0A}"
EndProject
Project("{FAE04EC0-301F-11D3-BF4B-00C04F79EFBC}") = "AutoSignIn", "AutoSignIn\AutoSignIn.csproj", "{6762F9E9-8F21-4554-8FF9-57DC2DB43EE6}"
EndProject
Project("{FAE04EC0-301F-11D3-BF4B-00C04F79EFBC}") = "Grabber", "Grabber\Grabber.csproj", "{30763806-FB96-4DA2-BC64-6420D979443A}"
EndProject
Project("{FAE04EC0-301F-11D3-BF4B-00C04F79EFBC}") = "TracySecretTool.Tools", "TracySecretTool.Tools\TracySecretTool.Tools.csproj", "{17929A45-CA8D-4F60-8D5A-5C146C508D99}"
EndProject
Project("{FAE04EC0-301F-11D3-BF4B-00C04F79EFBC}") = "Web", "Web\Web.csproj", "{13C54683-D8D7-419C-8578-940F6B99D6A5}"
EndProject
Project("{FAE04EC0-301F-11D3-BF4B-00C04F79EFBC}") = "MessageBomber.Server", "MessageBomber.Server\MessageBomber.Server.csproj", "{8EECBC4B-72CF-4345-BE4B-87FD3DE726EF}"
EndProject
Project("{FAE04EC0-301F-11D3-BF4B-00C04F79EFBC}") = "Grabber.Server", "Grabber.Server\Grabber.Server.csproj", "{286BD623-F655-4786-A100-A29A3B138E41}"
EndProject
Project("{FAE04EC0-301F-11D3-BF4B-00C04F79EFBC}") = "AutoSignIn.Server", "AutoSignIn.Server\AutoSignIn.Server.csproj", "{3F81CFA8-58DF-42CF-8EAF-CD53D6DE22BE}"
EndProject
Project("{FAE04EC0-301F-11D3-BF4B-00C04F79EFBC}") = "Test", "Test\Test.csproj", "{E3896F02-9E48-446F-9E35-F5A2163E419F}"
EndProject
Project("{2150E333-8FDC-42A3-9474-1A3956D46DE8}") = "Console", "Console", "{67863B29-5EB6-4CD6-8C48-E9A79340573F}"
EndProject
Project("{2150E333-8FDC-42A3-9474-1A3956D46DE8}") = "WebSite", "WebSite", "{BA292F10-5809-41DA-981E-42821EF26FF0}"
EndProject
Project("{2150E333-8FDC-42A3-9474-1A3956D46DE8}") = "WinForm", "WinForm", "{F26E9154-C538-41BB-97D4-EF6C2EAFB65A}"
EndProject
Project("{FAE04EC0-301F-11D3-BF4B-00C04F79EFBC}") = "TracySecretTool.Dapper", "TracySecretTool.Dapper\TracySecretTool.Dapper.csproj", "{835C7A3D-0A5F-43C3-A4D2-8FD66BE82146}"
EndProject
Project("{2150E333-8FDC-42A3-9474-1A3956D46DE8}") = "WinService", "WinService", "{1973DDFD-0182-49D6-B144-6C2D8B976E90}"
EndProject
Project("{FAE04EC0-301F-11D3-BF4B-00C04F79EFBC}") = "AutoLogService", "AutoLogService\AutoLogService.csproj", "{29A006BE-A2B1-4325-AD54-6DB2990C0B26}"
EndProject
Global
	GlobalSection(SolutionConfigurationPlatforms) = preSolution
		Debug|Any CPU = Debug|Any CPU
		Release|Any CPU = Release|Any CPU
	EndGlobalSection
	GlobalSection(ProjectConfigurationPlatforms) = postSolution
		{95986322-D9B5-4ACF-8F9C-DA00E2C063E7}.Debug|Any CPU.ActiveCfg = Debug|Any CPU
		{95986322-D9B5-4ACF-8F9C-DA00E2C063E7}.Debug|Any CPU.Build.0 = Debug|Any CPU
		{95986322-D9B5-4ACF-8F9C-DA00E2C063E7}.Release|Any CPU.ActiveCfg = Release|Any CPU
		{95986322-D9B5-4ACF-8F9C-DA00E2C063E7}.Release|Any CPU.Build.0 = Release|Any CPU
		{AEAC5920-7A7A-4175-8C9E-0CA94DF8A82D}.Debug|Any CPU.ActiveCfg = Debug|Any CPU
		{AEAC5920-7A7A-4175-8C9E-0CA94DF8A82D}.Debug|Any CPU.Build.0 = Debug|Any CPU
		{AEAC5920-7A7A-4175-8C9E-0CA94DF8A82D}.Release|Any CPU.ActiveCfg = Release|Any CPU
		{AEAC5920-7A7A-4175-8C9E-0CA94DF8A82D}.Release|Any CPU.Build.0 = Release|Any CPU
		{5EB1F57B-F1EF-4B20-9D44-9BE86C344F0A}.Debug|Any CPU.ActiveCfg = Debug|Any CPU
		{5EB1F57B-F1EF-4B20-9D44-9BE86C344F0A}.Debug|Any CPU.Build.0 = Debug|Any CPU
		{5EB1F57B-F1EF-4B20-9D44-9BE86C344F0A}.Release|Any CPU.ActiveCfg = Release|Any CPU
		{5EB1F57B-F1EF-4B20-9D44-9BE86C344F0A}.Release|Any CPU.Build.0 = Release|Any CPU
		{6762F9E9-8F21-4554-8FF9-57DC2DB43EE6}.Debug|Any CPU.ActiveCfg = Debug|Any CPU
		{6762F9E9-8F21-4554-8FF9-57DC2DB43EE6}.Debug|Any CPU.Build.0 = Debug|Any CPU
		{6762F9E9-8F21-4554-8FF9-57DC2DB43EE6}.Release|Any CPU.ActiveCfg = Release|Any CPU
		{6762F9E9-8F21-4554-8FF9-57DC2DB43EE6}.Release|Any CPU.Build.0 = Release|Any CPU
		{30763806-FB96-4DA2-BC64-6420D979443A}.Debug|Any CPU.ActiveCfg = Debug|Any CPU
		{30763806-FB96-4DA2-BC64-6420D979443A}.Debug|Any CPU.Build.0 = Debug|Any CPU
		{30763806-FB96-4DA2-BC64-6420D979443A}.Release|Any CPU.ActiveCfg = Release|Any CPU
		{30763806-FB96-4DA2-BC64-6420D979443A}.Release|Any CPU.Build.0 = Release|Any CPU
		{17929A45-CA8D-4F60-8D5A-5C146C508D99}.Debug|Any CPU.ActiveCfg = Debug|Any CPU
		{17929A45-CA8D-4F60-8D5A-5C146C508D99}.Debug|Any CPU.Build.0 = Debug|Any CPU
		{17929A45-CA8D-4F60-8D5A-5C146C508D99}.Release|Any CPU.ActiveCfg = Release|Any CPU
		{17929A45-CA8D-4F60-8D5A-5C146C508D99}.Release|Any CPU.Build.0 = Release|Any CPU
		{13C54683-D8D7-419C-8578-940F6B99D6A5}.Debug|Any CPU.ActiveCfg = Debug|Any CPU
		{13C54683-D8D7-419C-8578-940F6B99D6A5}.Debug|Any CPU.Build.0 = Debug|Any CPU
		{13C54683-D8D7-419C-8578-940F6B99D6A5}.Release|Any CPU.ActiveCfg = Release|Any CPU
		{13C54683-D8D7-419C-8578-940F6B99D6A5}.Release|Any CPU.Build.0 = Release|Any CPU
		{8EECBC4B-72CF-4345-BE4B-87FD3DE726EF}.Debug|Any CPU.ActiveCfg = Debug|Any CPU
		{8EECBC4B-72CF-4345-BE4B-87FD3DE726EF}.Debug|Any CPU.Build.0 = Debug|Any CPU
		{8EECBC4B-72CF-4345-BE4B-87FD3DE726EF}.Release|Any CPU.ActiveCfg = Release|Any CPU
		{8EECBC4B-72CF-4345-BE4B-87FD3DE726EF}.Release|Any CPU.Build.0 = Release|Any CPU
		{286BD623-F655-4786-A100-A29A3B138E41}.Debug|Any CPU.ActiveCfg = Debug|Any CPU
		{286BD623-F655-4786-A100-A29A3B138E41}.Debug|Any CPU.Build.0 = Debug|Any CPU
		{286BD623-F655-4786-A100-A29A3B138E41}.Release|Any CPU.ActiveCfg = Release|Any CPU
		{286BD623-F655-4786-A100-A29A3B138E41}.Release|Any CPU.Build.0 = Release|Any CPU
		{3F81CFA8-58DF-42CF-8EAF-CD53D6DE22BE}.Debug|Any CPU.ActiveCfg = Debug|Any CPU
		{3F81CFA8-58DF-42CF-8EAF-CD53D6DE22BE}.Debug|Any CPU.Build.0 = Debug|Any CPU
		{3F81CFA8-58DF-42CF-8EAF-CD53D6DE22BE}.Release|Any CPU.ActiveCfg = Release|Any CPU
		{3F81CFA8-58DF-42CF-8EAF-CD53D6DE22BE}.Release|Any CPU.Build.0 = Release|Any CPU
		{E3896F02-9E48-446F-9E35-F5A2163E419F}.Debug|Any CPU.ActiveCfg = Debug|Any CPU
		{E3896F02-9E48-446F-9E35-F5A2163E419F}.Debug|Any CPU.Build.0 = Debug|Any CPU
		{E3896F02-9E48-446F-9E35-F5A2163E419F}.Release|Any CPU.ActiveCfg = Release|Any CPU
		{E3896F02-9E48-446F-9E35-F5A2163E419F}.Release|Any CPU.Build.0 = Release|Any CPU
		{835C7A3D-0A5F-43C3-A4D2-8FD66BE82146}.Debug|Any CPU.ActiveCfg = Debug|Any CPU
		{835C7A3D-0A5F-43C3-A4D2-8FD66BE82146}.Debug|Any CPU.Build.0 = Debug|Any CPU
		{835C7A3D-0A5F-43C3-A4D2-8FD66BE82146}.Release|Any CPU.ActiveCfg = Release|Any CPU
		{835C7A3D-0A5F-43C3-A4D2-8FD66BE82146}.Release|Any CPU.Build.0 = Release|Any CPU
		{29A006BE-A2B1-4325-AD54-6DB2990C0B26}.Debug|Any CPU.ActiveCfg = Debug|Any CPU
		{29A006BE-A2B1-4325-AD54-6DB2990C0B26}.Debug|Any CPU.Build.0 = Debug|Any CPU
		{29A006BE-A2B1-4325-AD54-6DB2990C0B26}.Release|Any CPU.ActiveCfg = Release|Any CPU
		{29A006BE-A2B1-4325-AD54-6DB2990C0B26}.Release|Any CPU.Build.0 = Release|Any CPU
	EndGlobalSection
	GlobalSection(SolutionProperties) = preSolution
		HideSolutionNode = FALSE
	EndGlobalSection
	GlobalSection(NestedProjects) = preSolution
		{95986322-D9B5-4ACF-8F9C-DA00E2C063E7} = {67863B29-5EB6-4CD6-8C48-E9A79340573F}
		{6762F9E9-8F21-4554-8FF9-57DC2DB43EE6} = {67863B29-5EB6-4CD6-8C48-E9A79340573F}
		{30763806-FB96-4DA2-BC64-6420D979443A} = {67863B29-5EB6-4CD6-8C48-E9A79340573F}
		{13C54683-D8D7-419C-8578-940F6B99D6A5} = {BA292F10-5809-41DA-981E-42821EF26FF0}
		{E3896F02-9E48-446F-9E35-F5A2163E419F} = {67863B29-5EB6-4CD6-8C48-E9A79340573F}
		{29A006BE-A2B1-4325-AD54-6DB2990C0B26} = {1973DDFD-0182-49D6-B144-6C2D8B976E90}
	EndGlobalSection
EndGlobal
